// !$*UTF8*$!
{
	archiveVersion = 1;
	classes = {
	};
	objectVersion = 50;
	objects = {

/* Begin PBXBuildFile section */
		5B73447C24C3228800702B60 /* AppDelegate.swift in Sources */ = {isa = PBXBuildFile; fileRef = 5B73447B24C3228800702B60 /* AppDelegate.swift */; };
		5B73447E24C3228800702B60 /* SceneDelegate.swift in Sources */ = {isa = PBXBuildFile; fileRef = 5B73447D24C3228800702B60 /* SceneDelegate.swift */; };
		5B73448024C3228800702B60 /* ViewController.swift in Sources */ = {isa = PBXBuildFile; fileRef = 5B73447F24C3228800702B60 /* ViewController.swift */; };
		5B73448324C3228800702B60 /* Main.storyboard in Resources */ = {isa = PBXBuildFile; fileRef = 5B73448124C3228800702B60 /* Main.storyboard */; };
		5B73448524C3228A00702B60 /* Assets.xcassets in Resources */ = {isa = PBXBuildFile; fileRef = 5B73448424C3228A00702B60 /* Assets.xcassets */; };
		5B73448824C3228A00702B60 /* LaunchScreen.storyboard in Resources */ = {isa = PBXBuildFile; fileRef = 5B73448624C3228A00702B60 /* LaunchScreen.storyboard */; };
		5B73449324C3228A00702B60 /* iOS_CodingTests.swift in Sources */ = {isa = PBXBuildFile; fileRef = 5B73449224C3228A00702B60 /* iOS_CodingTests.swift */; };
		5B7344C224C35B6200702B60 /* ParamterEncoding.swift in Sources */ = {isa = PBXBuildFile; fileRef = 5B7344B824C35B6200702B60 /* ParamterEncoding.swift */; };
		5B7344C324C35B6200702B60 /* NetworkManager.swift in Sources */ = {isa = PBXBuildFile; fileRef = 5B7344BA24C35B6200702B60 /* NetworkManager.swift */; };
		5B7344C424C35B6200702B60 /* FactsEndPoint.swift in Sources */ = {isa = PBXBuildFile; fileRef = 5B7344BC24C35B6200702B60 /* FactsEndPoint.swift */; };
		5B7344C524C35B6200702B60 /* NetworkROUTER.swift in Sources */ = {isa = PBXBuildFile; fileRef = 5B7344BE24C35B6200702B60 /* NetworkROUTER.swift */; };
		5B7344C624C35B6200702B60 /* HTTPTask.swift in Sources */ = {isa = PBXBuildFile; fileRef = 5B7344BF24C35B6200702B60 /* HTTPTask.swift */; };
		5B7344C724C35B6200702B60 /* HTTPMethod.swift in Sources */ = {isa = PBXBuildFile; fileRef = 5B7344C024C35B6200702B60 /* HTTPMethod.swift */; };
		5B7344C824C35B6200702B60 /* EndPointType.swift in Sources */ = {isa = PBXBuildFile; fileRef = 5B7344C124C35B6200702B60 /* EndPointType.swift */; };
/* End PBXBuildFile section */

/* Begin PBXContainerItemProxy section */
		5B73448F24C3228A00702B60 /* PBXContainerItemProxy */ = {
			isa = PBXContainerItemProxy;
			containerPortal = 5B73447024C3228700702B60 /* Project object */;
			proxyType = 1;
			remoteGlobalIDString = 5B73447724C3228700702B60;
			remoteInfo = iOS_Coding;
		};
/* End PBXContainerItemProxy section */

/* Begin PBXFileReference section */
		5B73447824C3228800702B60 /* iOS_Coding.app */ = {isa = PBXFileReference; explicitFileType = wrapper.application; includeInIndex = 0; path = iOS_Coding.app; sourceTree = BUILT_PRODUCTS_DIR; };
		5B73447B24C3228800702B60 /* AppDelegate.swift */ = {isa = PBXFileReference; lastKnownFileType = sourcecode.swift; path = AppDelegate.swift; sourceTree = "<group>"; };
		5B73447D24C3228800702B60 /* SceneDelegate.swift */ = {isa = PBXFileReference; lastKnownFileType = sourcecode.swift; path = SceneDelegate.swift; sourceTree = "<group>"; };
		5B73447F24C3228800702B60 /* ViewController.swift */ = {isa = PBXFileReference; lastKnownFileType = sourcecode.swift; path = ViewController.swift; sourceTree = "<group>"; };
		5B73448224C3228800702B60 /* Base */ = {isa = PBXFileReference; lastKnownFileType = file.storyboard; name = Base; path = Base.lproj/Main.storyboard; sourceTree = "<group>"; };
		5B73448424C3228A00702B60 /* Assets.xcassets */ = {isa = PBXFileReference; lastKnownFileType = folder.assetcatalog; path = Assets.xcassets; sourceTree = "<group>"; };
		5B73448724C3228A00702B60 /* Base */ = {isa = PBXFileReference; lastKnownFileType = file.storyboard; name = Base; path = Base.lproj/LaunchScreen.storyboard; sourceTree = "<group>"; };
		5B73448924C3228A00702B60 /* Info.plist */ = {isa = PBXFileReference; lastKnownFileType = text.plist.xml; path = Info.plist; sourceTree = "<group>"; };
		5B73448E24C3228A00702B60 /* iOS_CodingTests.xctest */ = {isa = PBXFileReference; explicitFileType = wrapper.cfbundle; includeInIndex = 0; path = iOS_CodingTests.xctest; sourceTree = BUILT_PRODUCTS_DIR; };
		5B73449224C3228A00702B60 /* iOS_CodingTests.swift */ = {isa = PBXFileReference; lastKnownFileType = sourcecode.swift; path = iOS_CodingTests.swift; sourceTree = "<group>"; };
		5B73449424C3228A00702B60 /* Info.plist */ = {isa = PBXFileReference; lastKnownFileType = text.plist.xml; path = Info.plist; sourceTree = "<group>"; };
		5B7344B824C35B6200702B60 /* ParamterEncoding.swift */ = {isa = PBXFileReference; fileEncoding = 4; lastKnownFileType = sourcecode.swift; path = ParamterEncoding.swift; sourceTree = "<group>"; };
		5B7344BA24C35B6200702B60 /* NetworkManager.swift */ = {isa = PBXFileReference; fileEncoding = 4; lastKnownFileType = sourcecode.swift; path = NetworkManager.swift; sourceTree = "<group>"; };
		5B7344BC24C35B6200702B60 /* FactsEndPoint.swift */ = {isa = PBXFileReference; fileEncoding = 4; lastKnownFileType = sourcecode.swift; path = FactsEndPoint.swift; sourceTree = "<group>"; };
		5B7344BE24C35B6200702B60 /* NetworkROUTER.swift */ = {isa = PBXFileReference; fileEncoding = 4; lastKnownFileType = sourcecode.swift; path = NetworkROUTER.swift; sourceTree = "<group>"; };
		5B7344BF24C35B6200702B60 /* HTTPTask.swift */ = {isa = PBXFileReference; fileEncoding = 4; lastKnownFileType = sourcecode.swift; path = HTTPTask.swift; sourceTree = "<group>"; };
		5B7344C024C35B6200702B60 /* HTTPMethod.swift */ = {isa = PBXFileReference; fileEncoding = 4; lastKnownFileType = sourcecode.swift; path = HTTPMethod.swift; sourceTree = "<group>"; };
		5B7344C124C35B6200702B60 /* EndPointType.swift */ = {isa = PBXFileReference; fileEncoding = 4; lastKnownFileType = sourcecode.swift; path = EndPointType.swift; sourceTree = "<group>"; };
/* End PBXFileReference section */

/* Begin PBXFrameworksBuildPhase section */
		5B73447524C3228700702B60 /* Frameworks */ = {
			isa = PBXFrameworksBuildPhase;
			buildActionMask = 2147483647;
			files = (
			);
			runOnlyForDeploymentPostprocessing = 0;
		};
		5B73448B24C3228A00702B60 /* Frameworks */ = {
			isa = PBXFrameworksBuildPhase;
			buildActionMask = 2147483647;
			files = (
			);
			runOnlyForDeploymentPostprocessing = 0;
		};
/* End PBXFrameworksBuildPhase section */

/* Begin PBXGroup section */
		5B73446F24C3228700702B60 = {
			isa = PBXGroup;
			children = (
				5B73447A24C3228800702B60 /* iOS_Coding */,
				5B73449124C3228A00702B60 /* iOS_CodingTests */,
				5B73447924C3228800702B60 /* Products */,
			);
			sourceTree = "<group>";
		};
		5B73447924C3228800702B60 /* Products */ = {
			isa = PBXGroup;
			children = (
				5B73447824C3228800702B60 /* iOS_Coding.app */,
				5B73448E24C3228A00702B60 /* iOS_CodingTests.xctest */,
			);
			name = Products;
			sourceTree = "<group>";
		};
		5B73447A24C3228800702B60 /* iOS_Coding */ = {
			isa = PBXGroup;
			children = (
				5B7344B624C35B6200702B60 /* NetworkLayer */,
				5B73447B24C3228800702B60 /* AppDelegate.swift */,
				5B73447D24C3228800702B60 /* SceneDelegate.swift */,
				5B73447F24C3228800702B60 /* ViewController.swift */,
				5B73448124C3228800702B60 /* Main.storyboard */,
				5B73448424C3228A00702B60 /* Assets.xcassets */,
				5B73448624C3228A00702B60 /* LaunchScreen.storyboard */,
				5B73448924C3228A00702B60 /* Info.plist */,
			);
			path = iOS_Coding;
			sourceTree = "<group>";
		};
		5B73449124C3228A00702B60 /* iOS_CodingTests */ = {
			isa = PBXGroup;
			children = (
				5B73449224C3228A00702B60 /* iOS_CodingTests.swift */,
				5B73449424C3228A00702B60 /* Info.plist */,
			);
			path = iOS_CodingTests;
			sourceTree = "<group>";
		};
		5B7344B624C35B6200702B60 /* NetworkLayer */ = {
			isa = PBXGroup;
			children = (
				5B7344B724C35B6200702B60 /* Encoding */,
				5B7344B924C35B6200702B60 /* Manager */,
				5B7344BB24C35B6200702B60 /* EndPoint */,
				5B7344BD24C35B6200702B60 /* Service */,
			);
			path = NetworkLayer;
			sourceTree = "<group>";
		};
		5B7344B724C35B6200702B60 /* Encoding */ = {
			isa = PBXGroup;
			children = (
				5B7344B824C35B6200702B60 /* ParamterEncoding.swift */,
			);
			path = Encoding;
			sourceTree = "<group>";
		};
		5B7344B924C35B6200702B60 /* Manager */ = {
			isa = PBXGroup;
			children = (
				5B7344BA24C35B6200702B60 /* NetworkManager.swift */,
			);
			path = Manager;
			sourceTree = "<group>";
		};
		5B7344BB24C35B6200702B60 /* EndPoint */ = {
			isa = PBXGroup;
			children = (
				5B7344BC24C35B6200702B60 /* FactsEndPoint.swift */,
			);
			path = EndPoint;
			sourceTree = "<group>";
		};
		5B7344BD24C35B6200702B60 /* Service */ = {
			isa = PBXGroup;
			children = (
				5B7344BE24C35B6200702B60 /* NetworkROUTER.swift */,
				5B7344BF24C35B6200702B60 /* HTTPTask.swift */,
				5B7344C024C35B6200702B60 /* HTTPMethod.swift */,
				5B7344C124C35B6200702B60 /* EndPointType.swift */,
			);
			path = Service;
			sourceTree = "<group>";
		};
/* End PBXGroup section */

/* Begin PBXNativeTarget section */
		5B73447724C3228700702B60 /* iOS_Coding */ = {
			isa = PBXNativeTarget;
			buildConfigurationList = 5B73449724C3228A00702B60 /* Build configuration list for PBXNativeTarget "iOS_Coding" */;
			buildPhases = (
				5B73447424C3228700702B60 /* Sources */,
				5B73447524C3228700702B60 /* Frameworks */,
				5B73447624C3228700702B60 /* Resources */,
			);
			buildRules = (
			);
			dependencies = (
			);
			name = iOS_Coding;
			productName = iOS_Coding;
			productReference = 5B73447824C3228800702B60 /* iOS_Coding.app */;
			productType = "com.apple.product-type.application";
		};
		5B73448D24C3228A00702B60 /* iOS_CodingTests */ = {
			isa = PBXNativeTarget;
			buildConfigurationList = 5B73449A24C3228A00702B60 /* Build configuration list for PBXNativeTarget "iOS_CodingTests" */;
			buildPhases = (
				5B73448A24C3228A00702B60 /* Sources */,
				5B73448B24C3228A00702B60 /* Frameworks */,
				5B73448C24C3228A00702B60 /* Resources */,
			);
			buildRules = (
			);
			dependencies = (
				5B73449024C3228A00702B60 /* PBXTargetDependency */,
			);
			name = iOS_CodingTests;
			productName = iOS_CodingTests;
			productReference = 5B73448E24C3228A00702B60 /* iOS_CodingTests.xctest */;
			productType = "com.apple.product-type.bundle.unit-test";
		};
/* End PBXNativeTarget section */

/* Begin PBXProject section */
		5B73447024C3228700702B60 /* Project object */ = {
			isa = PBXProject;
			attributes = {
				LastSwiftUpdateCheck = 1150;
				LastUpgradeCheck = 1150;
				ORGANIZATIONNAME = "Akash Sheelavant";
				TargetAttributes = {
					5B73447724C3228700702B60 = {
						CreatedOnToolsVersion = 11.5;
					};
					5B73448D24C3228A00702B60 = {
						CreatedOnToolsVersion = 11.5;
						TestTargetID = 5B73447724C3228700702B60;
					};
				};
			};
			buildConfigurationList = 5B73447324C3228700702B60 /* Build configuration list for PBXProject "iOS_Coding" */;
			compatibilityVersion = "Xcode 9.3";
			developmentRegion = en;
			hasScannedForEncodings = 0;
			knownRegions = (
				en,
				Base,
			);
			mainGroup = 5B73446F24C3228700702B60;
			productRefGroup = 5B73447924C3228800702B60 /* Products */;
			projectDirPath = "";
			projectRoot = "";
			targets = (
				5B73447724C3228700702B60 /* iOS_Coding */,
				5B73448D24C3228A00702B60 /* iOS_CodingTests */,
			);
		};
/* End PBXProject section */

/* Begin PBXResourcesBuildPhase section */
		5B73447624C3228700702B60 /* Resources */ = {
			isa = PBXResourcesBuildPhase;
			buildActionMask = 2147483647;
			files = (
				5B73448824C3228A00702B60 /* LaunchScreen.storyboard in Resources */,
				5B73448524C3228A00702B60 /* Assets.xcassets in Resources */,
				5B73448324C3228800702B60 /* Main.storyboard in Resources */,
			);
			runOnlyForDeploymentPostprocessing = 0;
		};
		5B73448C24C3228A00702B60 /* Resources */ = {
			isa = PBXResourcesBuildPhase;
			buildActionMask = 2147483647;
			files = (
			);
			runOnlyForDeploymentPostprocessing = 0;
		};
/* End PBXResourcesBuildPhase section */

/* Begin PBXSourcesBuildPhase section */
		5B73447424C3228700702B60 /* Sources */ = {
			isa = PBXSourcesBuildPhase;
			buildActionMask = 2147483647;
			files = (
				5B7344C524C35B6200702B60 /* NetworkROUTER.swift in Sources */,
				5B7344C224C35B6200702B60 /* ParamterEncoding.swift in Sources */,
				5B73448024C3228800702B60 /* ViewController.swift in Sources */,
				5B7344C424C35B6200702B60 /* FactsEndPoint.swift in Sources */,
				5B7344C624C35B6200702B60 /* HTTPTask.swift in Sources */,
				5B7344C724C35B6200702B60 /* HTTPMethod.swift in Sources */,
				5B7344C324C35B6200702B60 /* NetworkManager.swift in Sources */,
				5B73447C24C3228800702B60 /* AppDelegate.swift in Sources */,
				5B7344C824C35B6200702B60 /* EndPointType.swift in Sources */,
				5B73447E24C3228800702B60 /* SceneDelegate.swift in Sources */,
			);
			runOnlyForDeploymentPostprocessing = 0;
		};
		5B73448A24C3228A00702B60 /* Sources */ = {
			isa = PBXSourcesBuildPhase;
			buildActionMask = 2147483647;
			files = (
				5B73449324C3228A00702B60 /* iOS_CodingTests.swift in Sources */,
			);
			runOnlyForDeploymentPostprocessing = 0;
		};
/* End PBXSourcesBuildPhase section */

/* Begin PBXTargetDependency section */
		5B73449024C3228A00702B60 /* PBXTargetDependency */ = {
			isa = PBXTargetDependency;
			target = 5B73447724C3228700702B60 /* iOS_Coding */;
			targetProxy = 5B73448F24C3228A00702B60 /* PBXContainerItemProxy */;
		};
/* End PBXTargetDependency section */

/* Begin PBXVariantGroup section */
		5B73448124C3228800702B60 /* Main.storyboard */ = {
			isa = PBXVariantGroup;
			children = (
				5B73448224C3228800702B60 /* Base */,
			);
			name = Main.storyboard;
			sourceTree = "<group>";
		};
		5B73448624C3228A00702B60 /* LaunchScreen.storyboard */ = {
			isa = PBXVariantGroup;
			children = (
				5B73448724C3228A00702B60 /* Base */,
			);
			name = LaunchScreen.storyboard;
			sourceTree = "<group>";
		};
/* End PBXVariantGroup section */

/* Begin XCBuildConfiguration section */
		5B73449524C3228A00702B60 /* Debug */ = {
			isa = XCBuildConfiguration;
			buildSettings = {
				ALWAYS_SEARCH_USER_PATHS = NO;
				CLANG_ANALYZER_NONNULL = YES;
				CLANG_ANALYZER_NUMBER_OBJECT_CONVERSION = YES_AGGRESSIVE;
				CLANG_CXX_LANGUAGE_STANDARD = "gnu++14";
				CLANG_CXX_LIBRARY = "libc++";
				CLANG_ENABLE_MODULES = YES;
				CLANG_ENABLE_OBJC_ARC = YES;
				CLANG_ENABLE_OBJC_WEAK = YES;
				CLANG_WARN_BLOCK_CAPTURE_AUTORELEASING = YES;
				CLANG_WARN_BOOL_CONVERSION = YES;
				CLANG_WARN_COMMA = YES;
				CLANG_WARN_CONSTANT_CONVERSION = YES;
				CLANG_WARN_DEPRECATED_OBJC_IMPLEMENTATIONS = YES;
				CLANG_WARN_DIRECT_OBJC_ISA_USAGE = YES_ERROR;
				CLANG_WARN_DOCUMENTATION_COMMENTS = YES;
				CLANG_WARN_EMPTY_BODY = YES;
				CLANG_WARN_ENUM_CONVERSION = YES;
				CLANG_WARN_INFINITE_RECURSION = YES;
				CLANG_WARN_INT_CONVERSION = YES;
				CLANG_WARN_NON_LITERAL_NULL_CONVERSION = YES;
				CLANG_WARN_OBJC_IMPLICIT_RETAIN_SELF = YES;
				CLANG_WARN_OBJC_LITERAL_CONVERSION = YES;
				CLANG_WARN_OBJC_ROOT_CLASS = YES_ERROR;
				CLANG_WARN_RANGE_LOOP_ANALYSIS = YES;
				CLANG_WARN_STRICT_PROTOTYPES = YES;
				CLANG_WARN_SUSPICIOUS_MOVE = YES;
				CLANG_WARN_UNGUARDED_AVAILABILITY = YES_AGGRESSIVE;
				CLANG_WARN_UNREACHABLE_CODE = YES;
				CLANG_WARN__DUPLICATE_METHOD_MATCH = YES;
				COPY_PHASE_STRIP = NO;
				DEBUG_INFORMATION_FORMAT = dwarf;
				ENABLE_STRICT_OBJC_MSGSEND = YES;
				ENABLE_TESTABILITY = YES;
				GCC_C_LANGUAGE_STANDARD = gnu11;
				GCC_DYNAMIC_NO_PIC = NO;
				GCC_NO_COMMON_BLOCKS = YES;
				GCC_OPTIMIZATION_LEVEL = 0;
				GCC_PREPROCESSOR_DEFINITIONS = (
					"DEBUG=1",
					"$(inherited)",
				);
				GCC_WARN_64_TO_32_BIT_CONVERSION = YES;
				GCC_WARN_ABOUT_RETURN_TYPE = YES_ERROR;
				GCC_WARN_UNDECLARED_SELECTOR = YES;
				GCC_WARN_UNINITIALIZED_AUTOS = YES_AGGRESSIVE;
				GCC_WARN_UNUSED_FUNCTION = YES;
				GCC_WARN_UNUSED_VARIABLE = YES;
				IPHONEOS_DEPLOYMENT_TARGET = 13.5;
				MTL_ENABLE_DEBUG_INFO = INCLUDE_SOURCE;
				MTL_FAST_MATH = YES;
				ONLY_ACTIVE_ARCH = YES;
				SDKROOT = iphoneos;
				SWIFT_ACTIVE_COMPILATION_CONDITIONS = DEBUG;
				SWIFT_OPTIMIZATION_LEVEL = "-Onone";
			};
			name = Debug;
		};
		5B73449624C3228A00702B60 /* Release */ = {
			isa = XCBuildConfiguration;
			buildSettings = {
				ALWAYS_SEARCH_USER_PATHS = NO;
				CLANG_ANALYZER_NONNULL = YES;
				CLANG_ANALYZER_NUMBER_OBJECT_CONVERSION = YES_AGGRESSIVE;
				CLANG_CXX_LANGUAGE_STANDARD = "gnu++14";
				CLANG_CXX_LIBRARY = "libc++";
				CLANG_ENABLE_MODULES = YES;
				CLANG_ENABLE_OBJC_ARC = YES;
				CLANG_ENABLE_OBJC_WEAK = YES;
				CLANG_WARN_BLOCK_CAPTURE_AUTORELEASING = YES;
				CLANG_WARN_BOOL_CONVERSION = YES;
				CLANG_WARN_COMMA = YES;
				CLANG_WARN_CONSTANT_CONVERSION = YES;
				CLANG_WARN_DEPRECATED_OBJC_IMPLEMENTATIONS = YES;
				CLANG_WARN_DIRECT_OBJC_ISA_USAGE = YES_ERROR;
				CLANG_WARN_DOCUMENTATION_COMMENTS = YES;
				CLANG_WARN_EMPTY_BODY = YES;
				CLANG_WARN_ENUM_CONVERSION = YES;
				CLANG_WARN_INFINITE_RECURSION = YES;
				CLANG_WARN_INT_CONVERSION = YES;
				CLANG_WARN_NON_LITERAL_NULL_CONVERSION = YES;
				CLANG_WARN_OBJC_IMPLICIT_RETAIN_SELF = YES;
				CLANG_WARN_OBJC_LITERAL_CONVERSION = YES;
				CLANG_WARN_OBJC_ROOT_CLASS = YES_ERROR;
				CLANG_WARN_RANGE_LOOP_ANALYSIS = YES;
				CLANG_WARN_STRICT_PROTOTYPES = YES;
				CLANG_WARN_SUSPICIOUS_MOVE = YES;
				CLANG_WARN_UNGUARDED_AVAILABILITY = YES_AGGRESSIVE;
				CLANG_WARN_UNREACHABLE_CODE = YES;
				CLANG_WARN__DUPLICATE_METHOD_MATCH = YES;
				COPY_PHASE_STRIP = NO;
				DEBUG_INFORMATION_FORMAT = "dwarf-with-dsym";
				ENABLE_NS_ASSERTIONS = NO;
				ENABLE_STRICT_OBJC_MSGSEND = YES;
				GCC_C_LANGUAGE_STANDARD = gnu11;
				GCC_NO_COMMON_BLOCKS = YES;
				GCC_WARN_64_TO_32_BIT_CONVERSION = YES;
				GCC_WARN_ABOUT_RETURN_TYPE = YES_ERROR;
				GCC_WARN_UNDECLARED_SELECTOR = YES;
				GCC_WARN_UNINITIALIZED_AUTOS = YES_AGGRESSIVE;
				GCC_WARN_UNUSED_FUNCTION = YES;
				GCC_WARN_UNUSED_VARIABLE = YES;
				IPHONEOS_DEPLOYMENT_TARGET = 13.5;
				MTL_ENABLE_DEBUG_INFO = NO;
				MTL_FAST_MATH = YES;
				SDKROOT = iphoneos;
				SWIFT_COMPILATION_MODE = wholemodule;
				SWIFT_OPTIMIZATION_LEVEL = "-O";
				VALIDATE_PRODUCT = YES;
			};
			name = Release;
		};
		5B73449824C3228A00702B60 /* Debug */ = {
			isa = XCBuildConfiguration;
			buildSettings = {
				ASSETCATALOG_COMPILER_APPICON_NAME = AppIcon;
				CODE_SIGN_STYLE = Automatic;
				DEVELOPMENT_TEAM = K5YFMF55QD;
				INFOPLIST_FILE = iOS_Coding/Info.plist;
				IPHONEOS_DEPLOYMENT_TARGET = 12.0;
				LD_RUNPATH_SEARCH_PATHS = (
					"$(inherited)",
					"@executable_path/Frameworks",
				);
				PRODUCT_BUNDLE_IDENTIFIER = "com.yourCompany.iOS-Coding";
				PRODUCT_NAME = "$(TARGET_NAME)";
				SWIFT_VERSION = 5.0;
				TARGETED_DEVICE_FAMILY = "1,2";
			};
			name = Debug;
		};
		5B73449924C3228A00702B60 /* Release */ = {
			isa = XCBuildConfiguration;
			buildSettings = {
				ASSETCATALOG_COMPILER_APPICON_NAME = AppIcon;
				CODE_SIGN_STYLE = Automatic;
				DEVELOPMENT_TEAM = K5YFMF55QD;
				INFOPLIST_FILE = iOS_Coding/Info.plist;
				IPHONEOS_DEPLOYMENT_TARGET = 12.0;
				LD_RUNPATH_SEARCH_PATHS = (
					"$(inherited)",
					"@executable_path/Frameworks",
				);
				PRODUCT_BUNDLE_IDENTIFIER = "com.yourCompany.iOS-Coding";
				PRODUCT_NAME = "$(TARGET_NAME)";
				SWIFT_VERSION = 5.0;
				TARGETED_DEVICE_FAMILY = "1,2";
			};
			name = Release;
		};
		5B73449B24C3228A00702B60 /* Debug */ = {
			isa = XCBuildConfiguration;
			buildSettings = {
				ALWAYS_EMBED_SWIFT_STANDARD_LIBRARIES = YES;
				BUNDLE_LOADER = "$(TEST_HOST)";
				CODE_SIGN_STYLE = Automatic;
				INFOPLIST_FILE = iOS_CodingTests/Info.plist;
				IPHONEOS_DEPLOYMENT_TARGET = 13.5;
				LD_RUNPATH_SEARCH_PATHS = (
					"$(inherited)",
					"@executable_path/Frameworks",
					"@loader_path/Frameworks",
				);
				PRODUCT_BUNDLE_IDENTIFIER = "com.yourCompany.iOS-CodingTests";
				PRODUCT_NAME = "$(TARGET_NAME)";
				SWIFT_VERSION = 5.0;
				TARGETED_DEVICE_FAMILY = "1,2";
				TEST_HOST = "$(BUILT_PRODUCTS_DIR)/iOS_Coding.app/iOS_Coding";
			};
			name = Debug;
		};
		5B73449C24C3228A00702B60 /* Release */ = {
			isa = XCBuildConfiguration;
			buildSettings = {
				ALWAYS_EMBED_SWIFT_STANDARD_LIBRARIES = YES;
				BUNDLE_LOADER = "$(TEST_HOST)";
				CODE_SIGN_STYLE = Automatic;
				INFOPLIST_FILE = iOS_CodingTests/Info.plist;
				IPHONEOS_DEPLOYMENT_TARGET = 13.5;
				LD_RUNPATH_SEARCH_PATHS = (
					"$(inherited)",
					"@executable_path/Frameworks",
					"@loader_path/Frameworks",
				);
				PRODUCT_BUNDLE_IDENTIFIER = "com.yourCompany.iOS-CodingTests";
				PRODUCT_NAME = "$(TARGET_NAME)";
				SWIFT_VERSION = 5.0;
				TARGETED_DEVICE_FAMILY = "1,2";
				TEST_HOST = "$(BUILT_PRODUCTS_DIR)/iOS_Coding.app/iOS_Coding";
			};
			name = Release;
		};
/* End XCBuildConfiguration section */

/* Begin XCConfigurationList section */
		5B73447324C3228700702B60 /* Build configuration list for PBXProject "iOS_Coding" */ = {
			isa = XCConfigurationList;
			buildConfigurations = (
				5B73449524C3228A00702B60 /* Debug */,
				5B73449624C3228A00702B60 /* Release */,
			);
			defaultConfigurationIsVisible = 0;
			defaultConfigurationName = Release;
		};
		5B73449724C3228A00702B60 /* Build configuration list for PBXNativeTarget "iOS_Coding" */ = {
			isa = XCConfigurationList;
			buildConfigurations = (
				5B73449824C3228A00702B60 /* Debug */,
				5B73449924C3228A00702B60 /* Release */,
			);
			defaultConfigurationIsVisible = 0;
			defaultConfigurationName = Release;
		};
		5B73449A24C3228A00702B60 /* Build configuration list for PBXNativeTarget "iOS_CodingTests" */ = {
			isa = XCConfigurationList;
			buildConfigurations = (
				5B73449B24C3228A00702B60 /* Debug */,
				5B73449C24C3228A00702B60 /* Release */,
			);
			defaultConfigurationIsVisible = 0;
			defaultConfigurationName = Release;
		};
/* End XCConfigurationList section */
	};
	rootObject = 5B73447024C3228700702B60 /* Project object */;
}
